
Microsoft Visual Studio Solution File, Format Version 12.00
# Visual Studio Version 17
VisualStudioVersion = 17.3.32901.215
MinimumVisualStudioVersion = 10.0.40219.1
Project("{FAE04EC0-301F-11D3-BF4B-00C04F79EFBC}") = "CountryLab", "CountryLab\CountryLab.csproj", "{ACD8B269-699A-4127-9182-5DC1FC5BACCB}"
EndProject
Global
	GlobalSection(SolutionConfigurationPlatforms) = preSolution
		Debug|Any CPU = Debug|Any CPU
		Release|Any CPU = Release|Any CPU
	EndGlobalSection
	GlobalSection(ProjectConfigurationPlatforms) = postSolution
		{ACD8B269-699A-4127-9182-5DC1FC5BACCB}.Debug|Any CPU.ActiveCfg = Debug|Any CPU
		{ACD8B269-699A-4127-9182-5DC1FC5BACCB}.Debug|Any CPU.Build.0 = Debug|Any CPU
		{ACD8B269-699A-4127-9182-5DC1FC5BACCB}.Release|Any CPU.ActiveCfg = Release|Any CPU
		{ACD8B269-699A-4127-9182-5DC1FC5BACCB}.Release|Any CPU.Build.0 = Release|Any CPU
	EndGlobalSection
	GlobalSection(SolutionProperties) = preSolution
		HideSolutionNode = FALSE
	EndGlobalSection
	GlobalSection(ExtensibilityGlobals) = postSolution
		SolutionGuid = {3E3AF2CC-CD68-43EF-A43B-D315A9951BC4}
	EndGlobalSection
EndGlobal
